// !$*UTF8*$!
{
	archiveVersion = 1;
	classes = {
	};
	objectVersion = 52;
	objects = {

/* Begin PBXBuildFile section */
		5B3A58402562E89100EB15E0 /* CertFinderApp.swift in Sources */ = {isa = PBXBuildFile; fileRef = 5B3A583F2562E89100EB15E0 /* CertFinderApp.swift */; };
		5B3A58422562E89100EB15E0 /* ContentView.swift in Sources */ = {isa = PBXBuildFile; fileRef = 5B3A58412562E89100EB15E0 /* ContentView.swift */; };
		5B3A58442562E89200EB15E0 /* Assets.xcassets in Resources */ = {isa = PBXBuildFile; fileRef = 5B3A58432562E89200EB15E0 /* Assets.xcassets */; };
		5B3A58472562E89200EB15E0 /* Preview Assets.xcassets in Resources */ = {isa = PBXBuildFile; fileRef = 5B3A58462562E89200EB15E0 /* Preview Assets.xcassets */; };
		5B3A58522562E89200EB15E0 /* CertFinderTests.swift in Sources */ = {isa = PBXBuildFile; fileRef = 5B3A58512562E89200EB15E0 /* CertFinderTests.swift */; };
		5B3A585D2562E89200EB15E0 /* CertFinderUITests.swift in Sources */ = {isa = PBXBuildFile; fileRef = 5B3A585C2562E89200EB15E0 /* CertFinderUITests.swift */; };
		5B3A586F2562E96800EB15E0 /* KeychainUtil.swift in Sources */ = {isa = PBXBuildFile; fileRef = 5B3A586E2562E96800EB15E0 /* KeychainUtil.swift */; };
		5B3A58792562ED2000EB15E0 /* ASN1Decoder in Frameworks */ = {isa = PBXBuildFile; productRef = 5B3A58782562ED2000EB15E0 /* ASN1Decoder */; };
		5B3A587F2562EDDA00EB15E0 /* CertDetailView.swift in Sources */ = {isa = PBXBuildFile; fileRef = 5B3A587E2562EDDA00EB15E0 /* CertDetailView.swift */; };
		5B3A58882562EE2100EB15E0 /* CertInfo.swift in Sources */ = {isa = PBXBuildFile; fileRef = 5B3A58872562EE2100EB15E0 /* CertInfo.swift */; };
		5B3A58912562F61800EB15E0 /* Data+HexEncodedString.swift in Sources */ = {isa = PBXBuildFile; fileRef = 5B3A58902562F61800EB15E0 /* Data+HexEncodedString.swift */; };
		5B3A58972562F98900EB15E0 /* ButtonStyle+Blue.swift in Sources */ = {isa = PBXBuildFile; fileRef = 5B3A58962562F98900EB15E0 /* ButtonStyle+Blue.swift */; };
/* End PBXBuildFile section */

/* Begin PBXContainerItemProxy section */
		5B3A584E2562E89200EB15E0 /* PBXContainerItemProxy */ = {
			isa = PBXContainerItemProxy;
			containerPortal = 5B3A58342562E89100EB15E0 /* Project object */;
			proxyType = 1;
			remoteGlobalIDString = 5B3A583B2562E89100EB15E0;
			remoteInfo = CertFinder;
		};
		5B3A58592562E89200EB15E0 /* PBXContainerItemProxy */ = {
			isa = PBXContainerItemProxy;
			containerPortal = 5B3A58342562E89100EB15E0 /* Project object */;
			proxyType = 1;
			remoteGlobalIDString = 5B3A583B2562E89100EB15E0;
			remoteInfo = CertFinder;
		};
/* End PBXContainerItemProxy section */

/* Begin PBXFileReference section */
		5B3A583C2562E89100EB15E0 /* CertFinder.app */ = {isa = PBXFileReference; explicitFileType = wrapper.application; includeInIndex = 0; path = CertFinder.app; sourceTree = BUILT_PRODUCTS_DIR; };
		5B3A583F2562E89100EB15E0 /* CertFinderApp.swift */ = {isa = PBXFileReference; lastKnownFileType = sourcecode.swift; path = CertFinderApp.swift; sourceTree = "<group>"; };
		5B3A58412562E89100EB15E0 /* ContentView.swift */ = {isa = PBXFileReference; lastKnownFileType = sourcecode.swift; path = ContentView.swift; sourceTree = "<group>"; };
		5B3A58432562E89200EB15E0 /* Assets.xcassets */ = {isa = PBXFileReference; lastKnownFileType = folder.assetcatalog; path = Assets.xcassets; sourceTree = "<group>"; };
		5B3A58462562E89200EB15E0 /* Preview Assets.xcassets */ = {isa = PBXFileReference; lastKnownFileType = folder.assetcatalog; path = "Preview Assets.xcassets"; sourceTree = "<group>"; };
		5B3A58482562E89200EB15E0 /* Info.plist */ = {isa = PBXFileReference; lastKnownFileType = text.plist.xml; path = Info.plist; sourceTree = "<group>"; };
		5B3A584D2562E89200EB15E0 /* CertFinderTests.xctest */ = {isa = PBXFileReference; explicitFileType = wrapper.cfbundle; includeInIndex = 0; path = CertFinderTests.xctest; sourceTree = BUILT_PRODUCTS_DIR; };
		5B3A58512562E89200EB15E0 /* CertFinderTests.swift */ = {isa = PBXFileReference; lastKnownFileType = sourcecode.swift; path = CertFinderTests.swift; sourceTree = "<group>"; };
		5B3A58532562E89200EB15E0 /* Info.plist */ = {isa = PBXFileReference; lastKnownFileType = text.plist.xml; path = Info.plist; sourceTree = "<group>"; };
		5B3A58582562E89200EB15E0 /* CertFinderUITests.xctest */ = {isa = PBXFileReference; explicitFileType = wrapper.cfbundle; includeInIndex = 0; path = CertFinderUITests.xctest; sourceTree = BUILT_PRODUCTS_DIR; };
		5B3A585C2562E89200EB15E0 /* CertFinderUITests.swift */ = {isa = PBXFileReference; lastKnownFileType = sourcecode.swift; path = CertFinderUITests.swift; sourceTree = "<group>"; };
		5B3A585E2562E89200EB15E0 /* Info.plist */ = {isa = PBXFileReference; lastKnownFileType = text.plist.xml; path = Info.plist; sourceTree = "<group>"; };
		5B3A586D2562E8A700EB15E0 /* README.md */ = {isa = PBXFileReference; lastKnownFileType = net.daringfireball.markdown; path = README.md; sourceTree = "<group>"; };
		5B3A586E2562E96800EB15E0 /* KeychainUtil.swift */ = {isa = PBXFileReference; lastKnownFileType = sourcecode.swift; path = KeychainUtil.swift; sourceTree = "<group>"; };
		5B3A58732562EB2B00EB15E0 /* CertFinder.entitlements */ = {isa = PBXFileReference; lastKnownFileType = text.plist.entitlements; path = CertFinder.entitlements; sourceTree = "<group>"; };
		5B3A587E2562EDDA00EB15E0 /* CertDetailView.swift */ = {isa = PBXFileReference; lastKnownFileType = sourcecode.swift; path = CertDetailView.swift; sourceTree = "<group>"; };
		5B3A58872562EE2100EB15E0 /* CertInfo.swift */ = {isa = PBXFileReference; lastKnownFileType = sourcecode.swift; path = CertInfo.swift; sourceTree = "<group>"; };
		5B3A58902562F61800EB15E0 /* Data+HexEncodedString.swift */ = {isa = PBXFileReference; lastKnownFileType = sourcecode.swift; path = "Data+HexEncodedString.swift"; sourceTree = "<group>"; };
		5B3A58962562F98900EB15E0 /* ButtonStyle+Blue.swift */ = {isa = PBXFileReference; lastKnownFileType = sourcecode.swift; path = "ButtonStyle+Blue.swift"; sourceTree = "<group>"; };
/* End PBXFileReference section */

/* Begin PBXFrameworksBuildPhase section */
		5B3A58392562E89100EB15E0 /* Frameworks */ = {
			isa = PBXFrameworksBuildPhase;
			buildActionMask = 2147483647;
			files = (
				5B3A58792562ED2000EB15E0 /* ASN1Decoder in Frameworks */,
			);
			runOnlyForDeploymentPostprocessing = 0;
		};
		5B3A584A2562E89200EB15E0 /* Frameworks */ = {
			isa = PBXFrameworksBuildPhase;
			buildActionMask = 2147483647;
			files = (
			);
			runOnlyForDeploymentPostprocessing = 0;
		};
		5B3A58552562E89200EB15E0 /* Frameworks */ = {
			isa = PBXFrameworksBuildPhase;
			buildActionMask = 2147483647;
			files = (
			);
			runOnlyForDeploymentPostprocessing = 0;
		};
/* End PBXFrameworksBuildPhase section */

/* Begin PBXGroup section */
		5B3A58332562E89100EB15E0 = {
			isa = PBXGroup;
			children = (
				5B3A586D2562E8A700EB15E0 /* README.md */,
				5B3A583E2562E89100EB15E0 /* CertFinder */,
				5B3A58502562E89200EB15E0 /* CertFinderTests */,
				5B3A585B2562E89200EB15E0 /* CertFinderUITests */,
				5B3A583D2562E89100EB15E0 /* Products */,
			);
			sourceTree = "<group>";
		};
		5B3A583D2562E89100EB15E0 /* Products */ = {
			isa = PBXGroup;
			children = (
				5B3A583C2562E89100EB15E0 /* CertFinder.app */,
				5B3A584D2562E89200EB15E0 /* CertFinderTests.xctest */,
				5B3A58582562E89200EB15E0 /* CertFinderUITests.xctest */,
			);
			name = Products;
			sourceTree = "<group>";
		};
		5B3A583E2562E89100EB15E0 /* CertFinder */ = {
			isa = PBXGroup;
			children = (
				5B3A58952562F97F00EB15E0 /* Styles */,
				5B3A588F2562F60500EB15E0 /* Extensions */,
				5B3A58862562EE0B00EB15E0 /* CertificateParsing */,
				5B3A587D2562EDCB00EB15E0 /* Views */,
				5B3A58732562EB2B00EB15E0 /* CertFinder.entitlements */,
				5B3A583F2562E89100EB15E0 /* CertFinderApp.swift */,
				5B3A58412562E89100EB15E0 /* ContentView.swift */,
				5B3A58432562E89200EB15E0 /* Assets.xcassets */,
				5B3A58482562E89200EB15E0 /* Info.plist */,
				5B3A58452562E89200EB15E0 /* Preview Content */,
			);
			path = CertFinder;
			sourceTree = "<group>";
		};
		5B3A58452562E89200EB15E0 /* Preview Content */ = {
			isa = PBXGroup;
			children = (
				5B3A58462562E89200EB15E0 /* Preview Assets.xcassets */,
			);
			path = "Preview Content";
			sourceTree = "<group>";
		};
		5B3A58502562E89200EB15E0 /* CertFinderTests */ = {
			isa = PBXGroup;
			children = (
				5B3A58512562E89200EB15E0 /* CertFinderTests.swift */,
				5B3A58532562E89200EB15E0 /* Info.plist */,
			);
			path = CertFinderTests;
			sourceTree = "<group>";
		};
		5B3A585B2562E89200EB15E0 /* CertFinderUITests */ = {
			isa = PBXGroup;
			children = (
				5B3A585C2562E89200EB15E0 /* CertFinderUITests.swift */,
				5B3A585E2562E89200EB15E0 /* Info.plist */,
			);
			path = CertFinderUITests;
			sourceTree = "<group>";
		};
		5B3A587D2562EDCB00EB15E0 /* Views */ = {
			isa = PBXGroup;
			children = (
				5B3A587E2562EDDA00EB15E0 /* CertDetailView.swift */,
			);
			path = Views;
			sourceTree = "<group>";
		};
		5B3A58862562EE0B00EB15E0 /* CertificateParsing */ = {
			isa = PBXGroup;
			children = (
				5B3A586E2562E96800EB15E0 /* KeychainUtil.swift */,
				5B3A58872562EE2100EB15E0 /* CertInfo.swift */,
			);
			path = CertificateParsing;
			sourceTree = "<group>";
		};
		5B3A588F2562F60500EB15E0 /* Extensions */ = {
			isa = PBXGroup;
			children = (
				5B3A58902562F61800EB15E0 /* Data+HexEncodedString.swift */,
			);
			path = Extensions;
			sourceTree = "<group>";
		};
		5B3A58952562F97F00EB15E0 /* Styles */ = {
			isa = PBXGroup;
			children = (
				5B3A58962562F98900EB15E0 /* ButtonStyle+Blue.swift */,
			);
			path = Styles;
			sourceTree = "<group>";
		};
/* End PBXGroup section */

/* Begin PBXNativeTarget section */
		5B3A583B2562E89100EB15E0 /* CertFinder */ = {
			isa = PBXNativeTarget;
			buildConfigurationList = 5B3A58612562E89200EB15E0 /* Build configuration list for PBXNativeTarget "CertFinder" */;
			buildPhases = (
				5B3A58382562E89100EB15E0 /* Sources */,
				5B3A58392562E89100EB15E0 /* Frameworks */,
				5B3A583A2562E89100EB15E0 /* Resources */,
			);
			buildRules = (
			);
			dependencies = (
			);
			name = CertFinder;
			packageProductDependencies = (
				5B3A58782562ED2000EB15E0 /* ASN1Decoder */,
			);
			productName = CertFinder;
			productReference = 5B3A583C2562E89100EB15E0 /* CertFinder.app */;
			productType = "com.apple.product-type.application";
		};
		5B3A584C2562E89200EB15E0 /* CertFinderTests */ = {
			isa = PBXNativeTarget;
			buildConfigurationList = 5B3A58642562E89200EB15E0 /* Build configuration list for PBXNativeTarget "CertFinderTests" */;
			buildPhases = (
				5B3A58492562E89200EB15E0 /* Sources */,
				5B3A584A2562E89200EB15E0 /* Frameworks */,
				5B3A584B2562E89200EB15E0 /* Resources */,
			);
			buildRules = (
			);
			dependencies = (
				5B3A584F2562E89200EB15E0 /* PBXTargetDependency */,
			);
			name = CertFinderTests;
			productName = CertFinderTests;
			productReference = 5B3A584D2562E89200EB15E0 /* CertFinderTests.xctest */;
			productType = "com.apple.product-type.bundle.unit-test";
		};
		5B3A58572562E89200EB15E0 /* CertFinderUITests */ = {
			isa = PBXNativeTarget;
			buildConfigurationList = 5B3A58672562E89200EB15E0 /* Build configuration list for PBXNativeTarget "CertFinderUITests" */;
			buildPhases = (
				5B3A58542562E89200EB15E0 /* Sources */,
				5B3A58552562E89200EB15E0 /* Frameworks */,
				5B3A58562562E89200EB15E0 /* Resources */,
			);
			buildRules = (
			);
			dependencies = (
				5B3A585A2562E89200EB15E0 /* PBXTargetDependency */,
			);
			name = CertFinderUITests;
			productName = CertFinderUITests;
			productReference = 5B3A58582562E89200EB15E0 /* CertFinderUITests.xctest */;
			productType = "com.apple.product-type.bundle.ui-testing";
		};
/* End PBXNativeTarget section */

/* Begin PBXProject section */
		5B3A58342562E89100EB15E0 /* Project object */ = {
			isa = PBXProject;
			attributes = {
				LastSwiftUpdateCheck = 1220;
				LastUpgradeCheck = 1220;
				TargetAttributes = {
					5B3A583B2562E89100EB15E0 = {
						CreatedOnToolsVersion = 12.2;
					};
					5B3A584C2562E89200EB15E0 = {
						CreatedOnToolsVersion = 12.2;
						TestTargetID = 5B3A583B2562E89100EB15E0;
					};
					5B3A58572562E89200EB15E0 = {
						CreatedOnToolsVersion = 12.2;
						TestTargetID = 5B3A583B2562E89100EB15E0;
					};
				};
			};
			buildConfigurationList = 5B3A58372562E89100EB15E0 /* Build configuration list for PBXProject "CertFinder" */;
			compatibilityVersion = "Xcode 9.3";
			developmentRegion = en;
			hasScannedForEncodings = 0;
			knownRegions = (
				en,
				Base,
			);
			mainGroup = 5B3A58332562E89100EB15E0;
			packageReferences = (
				5B3A58772562ED2000EB15E0 /* XCRemoteSwiftPackageReference "ASN1Decoder" */,
			);
			productRefGroup = 5B3A583D2562E89100EB15E0 /* Products */;
			projectDirPath = "";
			projectRoot = "";
			targets = (
				5B3A583B2562E89100EB15E0 /* CertFinder */,
				5B3A584C2562E89200EB15E0 /* CertFinderTests */,
				5B3A58572562E89200EB15E0 /* CertFinderUITests */,
			);
		};
/* End PBXProject section */

/* Begin PBXResourcesBuildPhase section */
		5B3A583A2562E89100EB15E0 /* Resources */ = {
			isa = PBXResourcesBuildPhase;
			buildActionMask = 2147483647;
			files = (
				5B3A58472562E89200EB15E0 /* Preview Assets.xcassets in Resources */,
				5B3A58442562E89200EB15E0 /* Assets.xcassets in Resources */,
			);
			runOnlyForDeploymentPostprocessing = 0;
		};
		5B3A584B2562E89200EB15E0 /* Resources */ = {
			isa = PBXResourcesBuildPhase;
			buildActionMask = 2147483647;
			files = (
			);
			runOnlyForDeploymentPostprocessing = 0;
		};
		5B3A58562562E89200EB15E0 /* Resources */ = {
			isa = PBXResourcesBuildPhase;
			buildActionMask = 2147483647;
			files = (
			);
			runOnlyForDeploymentPostprocessing = 0;
		};
/* End PBXResourcesBuildPhase section */

/* Begin PBXSourcesBuildPhase section */
		5B3A58382562E89100EB15E0 /* Sources */ = {
			isa = PBXSourcesBuildPhase;
			buildActionMask = 2147483647;
			files = (
				5B3A58882562EE2100EB15E0 /* CertInfo.swift in Sources */,
				5B3A58912562F61800EB15E0 /* Data+HexEncodedString.swift in Sources */,
				5B3A586F2562E96800EB15E0 /* KeychainUtil.swift in Sources */,
				5B3A58972562F98900EB15E0 /* ButtonStyle+Blue.swift in Sources */,
				5B3A58422562E89100EB15E0 /* ContentView.swift in Sources */,
				5B3A58402562E89100EB15E0 /* CertFinderApp.swift in Sources */,
				5B3A587F2562EDDA00EB15E0 /* CertDetailView.swift in Sources */,
			);
			runOnlyForDeploymentPostprocessing = 0;
		};
		5B3A58492562E89200EB15E0 /* Sources */ = {
			isa = PBXSourcesBuildPhase;
			buildActionMask = 2147483647;
			files = (
				5B3A58522562E89200EB15E0 /* CertFinderTests.swift in Sources */,
			);
			runOnlyForDeploymentPostprocessing = 0;
		};
		5B3A58542562E89200EB15E0 /* Sources */ = {
			isa = PBXSourcesBuildPhase;
			buildActionMask = 2147483647;
			files = (
				5B3A585D2562E89200EB15E0 /* CertFinderUITests.swift in Sources */,
			);
			runOnlyForDeploymentPostprocessing = 0;
		};
/* End PBXSourcesBuildPhase section */

/* Begin PBXTargetDependency section */
		5B3A584F2562E89200EB15E0 /* PBXTargetDependency */ = {
			isa = PBXTargetDependency;
			target = 5B3A583B2562E89100EB15E0 /* CertFinder */;
			targetProxy = 5B3A584E2562E89200EB15E0 /* PBXContainerItemProxy */;
		};
		5B3A585A2562E89200EB15E0 /* PBXTargetDependency */ = {
			isa = PBXTargetDependency;
			target = 5B3A583B2562E89100EB15E0 /* CertFinder */;
			targetProxy = 5B3A58592562E89200EB15E0 /* PBXContainerItemProxy */;
		};
/* End PBXTargetDependency section */

/* Begin XCBuildConfiguration section */
		5B3A585F2562E89200EB15E0 /* Debug */ = {
			isa = XCBuildConfiguration;
			buildSettings = {
				ALWAYS_SEARCH_USER_PATHS = NO;
				CLANG_ANALYZER_NONNULL = YES;
				CLANG_ANALYZER_NUMBER_OBJECT_CONVERSION = YES_AGGRESSIVE;
				CLANG_CXX_LANGUAGE_STANDARD = "gnu++14";
				CLANG_CXX_LIBRARY = "libc++";
				CLANG_ENABLE_MODULES = YES;
				CLANG_ENABLE_OBJC_ARC = YES;
				CLANG_ENABLE_OBJC_WEAK = YES;
				CLANG_WARN_BLOCK_CAPTURE_AUTORELEASING = YES;
				CLANG_WARN_BOOL_CONVERSION = YES;
				CLANG_WARN_COMMA = YES;
				CLANG_WARN_CONSTANT_CONVERSION = YES;
				CLANG_WARN_DEPRECATED_OBJC_IMPLEMENTATIONS = YES;
				CLANG_WARN_DIRECT_OBJC_ISA_USAGE = YES_ERROR;
				CLANG_WARN_DOCUMENTATION_COMMENTS = YES;
				CLANG_WARN_EMPTY_BODY = YES;
				CLANG_WARN_ENUM_CONVERSION = YES;
				CLANG_WARN_INFINITE_RECURSION = YES;
				CLANG_WARN_INT_CONVERSION = YES;
				CLANG_WARN_NON_LITERAL_NULL_CONVERSION = YES;
				CLANG_WARN_OBJC_IMPLICIT_RETAIN_SELF = YES;
				CLANG_WARN_OBJC_LITERAL_CONVERSION = YES;
				CLANG_WARN_OBJC_ROOT_CLASS = YES_ERROR;
				CLANG_WARN_QUOTED_INCLUDE_IN_FRAMEWORK_HEADER = YES;
				CLANG_WARN_RANGE_LOOP_ANALYSIS = YES;
				CLANG_WARN_STRICT_PROTOTYPES = YES;
				CLANG_WARN_SUSPICIOUS_MOVE = YES;
				CLANG_WARN_UNGUARDED_AVAILABILITY = YES_AGGRESSIVE;
				CLANG_WARN_UNREACHABLE_CODE = YES;
				CLANG_WARN__DUPLICATE_METHOD_MATCH = YES;
				COPY_PHASE_STRIP = NO;
				DEBUG_INFORMATION_FORMAT = dwarf;
				ENABLE_STRICT_OBJC_MSGSEND = YES;
				ENABLE_TESTABILITY = YES;
				GCC_C_LANGUAGE_STANDARD = gnu11;
				GCC_DYNAMIC_NO_PIC = NO;
				GCC_NO_COMMON_BLOCKS = YES;
				GCC_OPTIMIZATION_LEVEL = 0;
				GCC_PREPROCESSOR_DEFINITIONS = (
					"DEBUG=1",
					"$(inherited)",
				);
				GCC_WARN_64_TO_32_BIT_CONVERSION = YES;
				GCC_WARN_ABOUT_RETURN_TYPE = YES_ERROR;
				GCC_WARN_UNDECLARED_SELECTOR = YES;
				GCC_WARN_UNINITIALIZED_AUTOS = YES_AGGRESSIVE;
				GCC_WARN_UNUSED_FUNCTION = YES;
				GCC_WARN_UNUSED_VARIABLE = YES;
				IPHONEOS_DEPLOYMENT_TARGET = 14.2;
				MTL_ENABLE_DEBUG_INFO = INCLUDE_SOURCE;
				MTL_FAST_MATH = YES;
				ONLY_ACTIVE_ARCH = YES;
				SDKROOT = iphoneos;
				SWIFT_ACTIVE_COMPILATION_CONDITIONS = DEBUG;
				SWIFT_OPTIMIZATION_LEVEL = "-Onone";
			};
			name = Debug;
		};
		5B3A58602562E89200EB15E0 /* Release */ = {
			isa = XCBuildConfiguration;
			buildSettings = {
				ALWAYS_SEARCH_USER_PATHS = NO;
				CLANG_ANALYZER_NONNULL = YES;
				CLANG_ANALYZER_NUMBER_OBJECT_CONVERSION = YES_AGGRESSIVE;
				CLANG_CXX_LANGUAGE_STANDARD = "gnu++14";
				CLANG_CXX_LIBRARY = "libc++";
				CLANG_ENABLE_MODULES = YES;
				CLANG_ENABLE_OBJC_ARC = YES;
				CLANG_ENABLE_OBJC_WEAK = YES;
				CLANG_WARN_BLOCK_CAPTURE_AUTORELEASING = YES;
				CLANG_WARN_BOOL_CONVERSION = YES;
				CLANG_WARN_COMMA = YES;
				CLANG_WARN_CONSTANT_CONVERSION = YES;
				CLANG_WARN_DEPRECATED_OBJC_IMPLEMENTATIONS = YES;
				CLANG_WARN_DIRECT_OBJC_ISA_USAGE = YES_ERROR;
				CLANG_WARN_DOCUMENTATION_COMMENTS = YES;
				CLANG_WARN_EMPTY_BODY = YES;
				CLANG_WARN_ENUM_CONVERSION = YES;
				CLANG_WARN_INFINITE_RECURSION = YES;
				CLANG_WARN_INT_CONVERSION = YES;
				CLANG_WARN_NON_LITERAL_NULL_CONVERSION = YES;
				CLANG_WARN_OBJC_IMPLICIT_RETAIN_SELF = YES;
				CLANG_WARN_OBJC_LITERAL_CONVERSION = YES;
				CLANG_WARN_OBJC_ROOT_CLASS = YES_ERROR;
				CLANG_WARN_QUOTED_INCLUDE_IN_FRAMEWORK_HEADER = YES;
				CLANG_WARN_RANGE_LOOP_ANALYSIS = YES;
				CLANG_WARN_STRICT_PROTOTYPES = YES;
				CLANG_WARN_SUSPICIOUS_MOVE = YES;
				CLANG_WARN_UNGUARDED_AVAILABILITY = YES_AGGRESSIVE;
				CLANG_WARN_UNREACHABLE_CODE = YES;
				CLANG_WARN__DUPLICATE_METHOD_MATCH = YES;
				COPY_PHASE_STRIP = NO;
				DEBUG_INFORMATION_FORMAT = "dwarf-with-dsym";
				ENABLE_NS_ASSERTIONS = NO;
				ENABLE_STRICT_OBJC_MSGSEND = YES;
				GCC_C_LANGUAGE_STANDARD = gnu11;
				GCC_NO_COMMON_BLOCKS = YES;
				GCC_WARN_64_TO_32_BIT_CONVERSION = YES;
				GCC_WARN_ABOUT_RETURN_TYPE = YES_ERROR;
				GCC_WARN_UNDECLARED_SELECTOR = YES;
				GCC_WARN_UNINITIALIZED_AUTOS = YES_AGGRESSIVE;
				GCC_WARN_UNUSED_FUNCTION = YES;
				GCC_WARN_UNUSED_VARIABLE = YES;
				IPHONEOS_DEPLOYMENT_TARGET = 14.2;
				MTL_ENABLE_DEBUG_INFO = NO;
				MTL_FAST_MATH = YES;
				SDKROOT = iphoneos;
				SWIFT_COMPILATION_MODE = wholemodule;
				SWIFT_OPTIMIZATION_LEVEL = "-O";
				VALIDATE_PRODUCT = YES;
			};
			name = Release;
		};
		5B3A58622562E89200EB15E0 /* Debug */ = {
			isa = XCBuildConfiguration;
			buildSettings = {
				ASSETCATALOG_COMPILER_APPICON_NAME = AppIcon;
				ASSETCATALOG_COMPILER_GLOBAL_ACCENT_COLOR_NAME = AccentColor;
				CODE_SIGN_ENTITLEMENTS = CertFinder/CertFinder.entitlements;
				CODE_SIGN_STYLE = Automatic;
				DEVELOPMENT_ASSET_PATHS = "\"CertFinder/Preview Content\"";
				DEVELOPMENT_TEAM = VRPY9KHGX6;
				ENABLE_PREVIEWS = YES;
				INFOPLIST_FILE = CertFinder/Info.plist;
				IPHONEOS_DEPLOYMENT_TARGET = 14.0;
				LD_RUNPATH_SEARCH_PATHS = (
					"$(inherited)",
					"@executable_path/Frameworks",
				);
				PRODUCT_BUNDLE_IDENTIFIER = menu.nomad.CertFinder;
				PRODUCT_NAME = "$(TARGET_NAME)";
				SWIFT_VERSION = 5.0;
				TARGETED_DEVICE_FAMILY = "1,2";
			};
			name = Debug;
		};
		5B3A58632562E89200EB15E0 /* Release */ = {
			isa = XCBuildConfiguration;
			buildSettings = {
				ASSETCATALOG_COMPILER_APPICON_NAME = AppIcon;
				ASSETCATALOG_COMPILER_GLOBAL_ACCENT_COLOR_NAME = AccentColor;
				CODE_SIGN_ENTITLEMENTS = CertFinder/CertFinder.entitlements;
				CODE_SIGN_STYLE = Automatic;
				DEVELOPMENT_ASSET_PATHS = "\"CertFinder/Preview Content\"";
				DEVELOPMENT_TEAM = VRPY9KHGX6;
				ENABLE_PREVIEWS = YES;
				INFOPLIST_FILE = CertFinder/Info.plist;
				IPHONEOS_DEPLOYMENT_TARGET = 14.0;
				LD_RUNPATH_SEARCH_PATHS = (
					"$(inherited)",
					"@executable_path/Frameworks",
				);
				PRODUCT_BUNDLE_IDENTIFIER = menu.nomad.CertFinder;
				PRODUCT_NAME = "$(TARGET_NAME)";
				SWIFT_VERSION = 5.0;
				TARGETED_DEVICE_FAMILY = "1,2";
			};
			name = Release;
		};
		5B3A58652562E89200EB15E0 /* Debug */ = {
			isa = XCBuildConfiguration;
			buildSettings = {
				ALWAYS_EMBED_SWIFT_STANDARD_LIBRARIES = YES;
				BUNDLE_LOADER = "$(TEST_HOST)";
				CODE_SIGN_STYLE = Automatic;
				DEVELOPMENT_TEAM = VRPY9KHGX6;
				INFOPLIST_FILE = CertFinderTests/Info.plist;
				IPHONEOS_DEPLOYMENT_TARGET = 14.0;
				LD_RUNPATH_SEARCH_PATHS = (
					"$(inherited)",
					"@executable_path/Frameworks",
					"@loader_path/Frameworks",
				);
				PRODUCT_BUNDLE_IDENTIFIER = menu.nomad.CertFinderTests;
				PRODUCT_NAME = "$(TARGET_NAME)";
				SWIFT_VERSION = 5.0;
				TARGETED_DEVICE_FAMILY = "1,2";
				TEST_HOST = "$(BUILT_PRODUCTS_DIR)/CertFinder.app/CertFinder";
			};
			name = Debug;
		};
		5B3A58662562E89200EB15E0 /* Release */ = {
			isa = XCBuildConfiguration;
			buildSettings = {
				ALWAYS_EMBED_SWIFT_STANDARD_LIBRARIES = YES;
				BUNDLE_LOADER = "$(TEST_HOST)";
				CODE_SIGN_STYLE = Automatic;
				DEVELOPMENT_TEAM = VRPY9KHGX6;
				INFOPLIST_FILE = CertFinderTests/Info.plist;
				IPHONEOS_DEPLOYMENT_TARGET = 14.0;
				LD_RUNPATH_SEARCH_PATHS = (
					"$(inherited)",
					"@executable_path/Frameworks",
					"@loader_path/Frameworks",
				);
				PRODUCT_BUNDLE_IDENTIFIER = menu.nomad.CertFinderTests;
				PRODUCT_NAME = "$(TARGET_NAME)";
				SWIFT_VERSION = 5.0;
				TARGETED_DEVICE_FAMILY = "1,2";
				TEST_HOST = "$(BUILT_PRODUCTS_DIR)/CertFinder.app/CertFinder";
			};
			name = Release;
		};
		5B3A58682562E89200EB15E0 /* Debug */ = {
			isa = XCBuildConfiguration;
			buildSettings = {
				ALWAYS_EMBED_SWIFT_STANDARD_LIBRARIES = YES;
				CODE_SIGN_STYLE = Automatic;
				DEVELOPMENT_TEAM = VRPY9KHGX6;
				INFOPLIST_FILE = CertFinderUITests/Info.plist;
				LD_RUNPATH_SEARCH_PATHS = (
					"$(inherited)",
					"@executable_path/Frameworks",
					"@loader_path/Frameworks",
				);
				PRODUCT_BUNDLE_IDENTIFIER = menu.nomad.CertFinderUITests;
				PRODUCT_NAME = "$(TARGET_NAME)";
				SWIFT_VERSION = 5.0;
				TARGETED_DEVICE_FAMILY = "1,2";
				TEST_TARGET_NAME = CertFinder;
			};
			name = Debug;
		};
		5B3A58692562E89200EB15E0 /* Release */ = {
			isa = XCBuildConfiguration;
			buildSettings = {
				ALWAYS_EMBED_SWIFT_STANDARD_LIBRARIES = YES;
				CODE_SIGN_STYLE = Automatic;
				DEVELOPMENT_TEAM = VRPY9KHGX6;
				INFOPLIST_FILE = CertFinderUITests/Info.plist;
				LD_RUNPATH_SEARCH_PATHS = (
					"$(inherited)",
					"@executable_path/Frameworks",
					"@loader_path/Frameworks",
				);
				PRODUCT_BUNDLE_IDENTIFIER = menu.nomad.CertFinderUITests;
				PRODUCT_NAME = "$(TARGET_NAME)";
				SWIFT_VERSION = 5.0;
				TARGETED_DEVICE_FAMILY = "1,2";
				TEST_TARGET_NAME = CertFinder;
			};
			name = Release;
		};
/* End XCBuildConfiguration section */

/* Begin XCConfigurationList section */
		5B3A58372562E89100EB15E0 /* Build configuration list for PBXProject "CertFinder" */ = {
			isa = XCConfigurationList;
			buildConfigurations = (
				5B3A585F2562E89200EB15E0 /* Debug */,
				5B3A58602562E89200EB15E0 /* Release */,
			);
			defaultConfigurationIsVisible = 0;
			defaultConfigurationName = Release;
		};
		5B3A58612562E89200EB15E0 /* Build configuration list for PBXNativeTarget "CertFinder" */ = {
			isa = XCConfigurationList;
			buildConfigurations = (
				5B3A58622562E89200EB15E0 /* Debug */,
				5B3A58632562E89200EB15E0 /* Release */,
			);
			defaultConfigurationIsVisible = 0;
			defaultConfigurationName = Release;
		};
		5B3A58642562E89200EB15E0 /* Build configuration list for PBXNativeTarget "CertFinderTests" */ = {
			isa = XCConfigurationList;
			buildConfigurations = (
				5B3A58652562E89200EB15E0 /* Debug */,
				5B3A58662562E89200EB15E0 /* Release */,
			);
			defaultConfigurationIsVisible = 0;
			defaultConfigurationName = Release;
		};
		5B3A58672562E89200EB15E0 /* Build configuration list for PBXNativeTarget "CertFinderUITests" */ = {
			isa = XCConfigurationList;
			buildConfigurations = (
				5B3A58682562E89200EB15E0 /* Debug */,
				5B3A58692562E89200EB15E0 /* Release */,
			);
			defaultConfigurationIsVisible = 0;
			defaultConfigurationName = Release;
		};
/* End XCConfigurationList section */

/* Begin XCRemoteSwiftPackageReference section */
		5B3A58772562ED2000EB15E0 /* XCRemoteSwiftPackageReference "ASN1Decoder" */ = {
			isa = XCRemoteSwiftPackageReference;
			repositoryURL = "https://github.com/filom/ASN1Decoder";
			requirement = {
				kind = upToNextMajorVersion;
				minimumVersion = 1.7.0;
			};
		};
/* End XCRemoteSwiftPackageReference section */

/* Begin XCSwiftPackageProductDependency section */
		5B3A58782562ED2000EB15E0 /* ASN1Decoder */ = {
			isa = XCSwiftPackageProductDependency;
			package = 5B3A58772562ED2000EB15E0 /* XCRemoteSwiftPackageReference "ASN1Decoder" */;
			productName = ASN1Decoder;
		};
/* End XCSwiftPackageProductDependency section */
	};
	rootObject = 5B3A58342562E89100EB15E0 /* Project object */;
}
